
Microsoft Visual Studio Solution File, Format Version 12.00
# Visual Studio 2013
VisualStudioVersion = 12.0.30501.0
MinimumVisualStudioVersion = 10.0.40219.1
Project("{8BC9CEB8-8B4A-11D0-8D11-00A0C91BC942}") = "KulamiCPlusPlus", "KulamiCPlusPlus\KulamiCPlusPlus.vcxproj", "{7A84BB38-0F56-4A57-BA63-52B6976158F4}"
EndProject
Global
	GlobalSection(SolutionConfigurationPlatforms) = preSolution
		Debug|Win32 = Debug|Win32
		Release|Win32 = Release|Win32
	EndGlobalSection
	GlobalSection(ProjectConfigurationPlatforms) = postSolution
		{7A84BB38-0F56-4A57-BA63-52B6976158F4}.Debug|Win32.ActiveCfg = Debug|Win32
		{7A84BB38-0F56-4A57-BA63-52B6976158F4}.Debug|Win32.Build.0 = Debug|Win32
		{7A84BB38-0F56-4A57-BA63-52B6976158F4}.Release|Win32.ActiveCfg = Release|Win32
		{7A84BB38-0F56-4A57-BA63-52B6976158F4}.Release|Win32.Build.0 = Release|Win32
	EndGlobalSection
	GlobalSection(SolutionProperties) = preSolution
		HideSolutionNode = FALSE
	EndGlobalSection
EndGlobal
